
Microsoft Visual Studio Solution File, Format Version 12.00
# Visual Studio Version 16
VisualStudioVersion = 16.0.29503.13
MinimumVisualStudioVersion = 10.0.40219.1
Project("{FAE04EC0-301F-11D3-BF4B-00C04F79EFBC}") = "Reddit2Gener8aVideo4", "Reddit2Gener8aVideo4\Reddit2Gener8aVideo4.csproj", "{A68289C1-3B88-4BAC-BEC1-26BEF4874B97}"
EndProject
Global
	GlobalSection(SolutionConfigurationPlatforms) = preSolution
		Debug|Any CPU = Debug|Any CPU
		Release|Any CPU = Release|Any CPU
	EndGlobalSection
	GlobalSection(ProjectConfigurationPlatforms) = postSolution
		{A68289C1-3B88-4BAC-BEC1-26BEF4874B97}.Debug|Any CPU.ActiveCfg = Debug|Any CPU
		{A68289C1-3B88-4BAC-BEC1-26BEF4874B97}.Debug|Any CPU.Build.0 = Debug|Any CPU
		{A68289C1-3B88-4BAC-BEC1-26BEF4874B97}.Release|Any CPU.ActiveCfg = Release|Any CPU
		{A68289C1-3B88-4BAC-BEC1-26BEF4874B97}.Release|Any CPU.Build.0 = Release|Any CPU
	EndGlobalSection
	GlobalSection(SolutionProperties) = preSolution
		HideSolutionNode = FALSE
	EndGlobalSection
	GlobalSection(ExtensibilityGlobals) = postSolution
		SolutionGuid = {F4809207-8975-4C18-9C53-B5C248F12404}
	EndGlobalSection
EndGlobal
